
Microsoft Visual Studio Solution File, Format Version 12.00
# Visual Studio 15
VisualStudioVersion = 15.0.26430.6
MinimumVisualStudioVersion = 10.0.40219.1
Project("{2150E333-8FDC-42A3-9474-1A3956D46DE8}") = "src", "src", "{776828EF-7021-4551-9129-D63722C235E9}"
EndProject
Project("{2150E333-8FDC-42A3-9474-1A3956D46DE8}") = "Solution Items", "Solution Items", "{2B447DF8-382A-4AB4-A3B3-D7E5A96ED16E}"
EndProject
Project("{9A19103F-16F7-4668-BE54-9A1E7A4F7556}") = "BethanysPieShop", "src\BethanysPieShop\BethanysPieShop.csproj", "{4D12CF1A-CA44-44A8-A3B6-1E4F5AE92593}"
EndProject
Project("{2150E333-8FDC-42A3-9474-1A3956D46DE8}") = "test", "test", "{623B7470-5B19-4B2F-84F9-78E5BCA42E45}"
EndProject
Project("{FAE04EC0-301F-11D3-BF4B-00C04F79EFBC}") = "BethanysPieShop.Tests", "BethanysPieShop.Tests\BethanysPieShop.Tests.csproj", "{27182455-3981-495E-9C59-4A3C47906AA2}"
EndProject
Global
	GlobalSection(SolutionConfigurationPlatforms) = preSolution
		Debug|Any CPU = Debug|Any CPU
		Release|Any CPU = Release|Any CPU
	EndGlobalSection
	GlobalSection(ProjectConfigurationPlatforms) = postSolution
		{4D12CF1A-CA44-44A8-A3B6-1E4F5AE92593}.Debug|Any CPU.ActiveCfg = Debug|Any CPU
		{4D12CF1A-CA44-44A8-A3B6-1E4F5AE92593}.Debug|Any CPU.Build.0 = Debug|Any CPU
		{4D12CF1A-CA44-44A8-A3B6-1E4F5AE92593}.Release|Any CPU.ActiveCfg = Release|Any CPU
		{4D12CF1A-CA44-44A8-A3B6-1E4F5AE92593}.Release|Any CPU.Build.0 = Release|Any CPU
		{27182455-3981-495E-9C59-4A3C47906AA2}.Debug|Any CPU.ActiveCfg = Debug|Any CPU
		{27182455-3981-495E-9C59-4A3C47906AA2}.Debug|Any CPU.Build.0 = Debug|Any CPU
		{27182455-3981-495E-9C59-4A3C47906AA2}.Release|Any CPU.ActiveCfg = Release|Any CPU
		{27182455-3981-495E-9C59-4A3C47906AA2}.Release|Any CPU.Build.0 = Release|Any CPU
	EndGlobalSection
	GlobalSection(SolutionProperties) = preSolution
		HideSolutionNode = FALSE
	EndGlobalSection
	GlobalSection(NestedProjects) = preSolution
		{4D12CF1A-CA44-44A8-A3B6-1E4F5AE92593} = {776828EF-7021-4551-9129-D63722C235E9}
		{27182455-3981-495E-9C59-4A3C47906AA2} = {623B7470-5B19-4B2F-84F9-78E5BCA42E45}
	EndGlobalSection
EndGlobal
